{
  "lockfile_version": "1",
  "packages": {
    "actionlint@1.7.12": {
      "last_modified": "2026-09-30T11:58:46Z",
      "resolved": "github:NixOS/nixpkgs/c9fe7d12cd78d1adcd12dd15e24432dde5b155a0#actionlint",
      "source": "devbox-search",
      "version": "1.7.12",
      "systems": {
        "aarch64-darwin": {
          "outputs": [
            {
              "name": "out",
              "path": "/nix/store/r3shp5s12nk21gslkp2k7drq4n2bs1m9-actionlint-1.7.12",
              "default": true
            }
          ],
          "store_path": "/nix/store/r3shp5s12nk21gslkp2k7drq4n2bs1m9-actionlint-1.7.12"
        },
        "aarch64-linux": {
          "outputs": [
            {
              "name": "out",
              "path": "/nix/store/zcs2y541jbqr94xslvrniz5ilnppdprd-actionlint-1.7.12",
              "default": true
            }
          ],
          "store_path": "/nix/store/zcs2y541jbqr94xslvrniz5ilnppdprd-actionlint-1.7.12"
        },
        "x86_64-darwin": {
          "outputs": [
            {
              "name": "out",
              "path": "/nix/store/w4rjv0ikr5r5x54w758c8ck2016nmzsx-actionlint-1.7.12",
              "default": true
            }
          ],
          "store_path": "/nix/store/w4rjv0ikr5r5x54w758c8ck2016nmzsx-actionlint-1.7.12"
        },
        "x86_64-linux": {
          "outputs": [
            {
              "name": "out",
              "path": "/nix/store/bwxcfsghzk4hyynxgl3lvjgmcnkc7qhf-actionlint-1.7.12",
              "default": true
            }
          ],
          "store_path": "/nix/store/bwxcfsghzk4hyynxgl3lvjgmcnkc7qhf-actionlint-1.7.12"
        }
      }
    },
    "ghalint@1.5.6": {
      "last_modified": "2026-09-30T11:58:46Z",
      "resolved": "github:NixOS/nixpkgs/c9fe7d12cd78d1adcd12dd15e24432dde5b155a0#ghalint",
      "source": "devbox-search",
      "version": "1.5.6",
      "systems": {
        "aarch64-darwin": {
          "outputs": [
            {
              "name": "out",
              "path": "/nix/store/h35f9qcmqxpwwfx8pambqy88zirlijzm-ghalint-1.5.6",
              "default": true
            }
          ],
          "store_path": "/nix/store/h35f9qcmqxpwwfx8pambqy88zirlijzm-ghalint-1.5.6"
        },
        "aarch64-linux": {
          "outputs": [
            {
              "name": "out",
              "path": "/nix/store/bc6s2cyrfy2na7743q3fvl1xir3j1mr8-ghalint-1.5.6",
              "default": true
            }
          ],
          "store_path": "/nix/store/bc6s2cyrfy2na7743q3fvl1xir3j1mr8-ghalint-1.5.6"
        },
        "x86_64-darwin": {
          "outputs": [
            {
              "name": "out",
              "path": "/nix/store/9ylfvqyln1lzn9kp7gvhqb10zin0cdsm-ghalint-1.5.6",
              "default": true
            }
          ],
          "store_path": "/nix/store/9ylfvqyln1lzn9kp7gvhqb10zin0cdsm-ghalint-1.5.6"
        },
        "x86_64-linux": {
          "outputs": [
            {
              "name": "out",
              "path": "/nix/store/jlsfwk8ms2nqpvkmrqiql7i6056m8zj6-ghalint-1.5.6",
              "default": true
            }
          ],
          "store_path": "/nix/store/jlsfwk8ms2nqpvkmrqiql7i6056m8zj6-ghalint-1.5.6"
        }
      }
    },
    "github:NixOS/nixpkgs/nixpkgs-unstable": {
      "last_modified": "2026-09-30T11:58:46Z",
      "resolved": "github:NixOS/nixpkgs/c9fe7d12cd78d1adcd12dd15e24432dde5b155a0?lastModified=1790769526&narHash=sha256-5AIVFLRcx8YAwbFTVPTs7YhwJH7JyHfAQsvXmpovcXI%3D"
    },
    "zizmor@1.29.0": {
      "last_modified": "2026-08-29T00:50:12Z",
      "resolved": "github:NixOS/nixpkgs/e8be7818e19ada32105a8af937a6a473b38167ca#zizmor",
      "source": "devbox-search",
      "version": "1.29.0",
      "systems": {
        "aarch64-darwin": {
          "outputs": [
            {
              "name": "out",
              "path": "/nix/store/7dq6g7dlghlhpzmxcl7mbq3qjlm98z3j-zizmor-1.29.0",
              "default": true
            }
          ],
          "store_path": "/nix/store/7dq6g7dlghlhpzmxcl7mbq3qjlm98z3j-zizmor-1.29.0"
        },
        "aarch64-linux": {
          "outputs": [
            {
              "name": "out",
              "path": "/nix/store/bf77rmwrxs7k7s1xv6krd76aaapv9dd1-zizmor-1.29.0",
              "default": true
            }
          ],
          "store_path": "/nix/store/bf77rmwrxs7k7s1xv6krd76aaapv9dd1-zizmor-1.29.0"
        },
        "x86_64-linux": {
          "outputs": [
            {
              "name": "out",
              "path": "/nix/store/i1jj5vipykcqw9a31kxqnljgrlg2z7mj-zizmor-1.29.0",
              "default": true
            }
          ],
          "store_path": "/nix/store/i1jj5vipykcqw9a31kxqnljgrlg2z7mj-zizmor-1.29.0"
        }
      }
    }
  }
}
