{
  "lockfile_version": "1",
  "packages": {
    "actionlint@1.7.12": {
      "last_modified": "2026-06-27T07:37:20Z",
      "resolved": "github:NixOS/nixpkgs/3d46470bb3030020f7e1361f33514854f5bfa86d#actionlint",
      "source": "devbox-search",
      "version": "1.7.12",
      "systems": {
        "aarch64-darwin": {
          "outputs": [
            {
              "name": "out",
              "path": "/nix/store/9qj0ikkqv66k52xs8fywmnzyg8zn2svm-actionlint-1.7.12",
              "default": true
            }
          ],
          "store_path": "/nix/store/9qj0ikkqv66k52xs8fywmnzyg8zn2svm-actionlint-1.7.12"
        },
        "aarch64-linux": {
          "outputs": [
            {
              "name": "out",
              "path": "/nix/store/31js4yryr1yjq4waygdlv2k5w5ks0s0n-actionlint-1.7.12",
              "default": true
            }
          ],
          "store_path": "/nix/store/31js4yryr1yjq4waygdlv2k5w5ks0s0n-actionlint-1.7.12"
        },
        "x86_64-darwin": {
          "outputs": [
            {
              "name": "out",
              "path": "/nix/store/w4rjv0ikr5r5x54w758c8ck2016nmzsx-actionlint-1.7.12",
              "default": true
            }
          ],
          "store_path": "/nix/store/w4rjv0ikr5r5x54w758c8ck2016nmzsx-actionlint-1.7.12"
        },
        "x86_64-linux": {
          "outputs": [
            {
              "name": "out",
              "path": "/nix/store/20imjbvi2q6z691fd5acg20mfx3aqvkj-actionlint-1.7.12",
              "default": true
            }
          ],
          "store_path": "/nix/store/20imjbvi2q6z691fd5acg20mfx3aqvkj-actionlint-1.7.12"
        }
      }
    },
    "ghalint@1.5.6": {
      "last_modified": "2026-06-27T07:37:20Z",
      "resolved": "github:NixOS/nixpkgs/3d46470bb3030020f7e1361f33514854f5bfa86d#ghalint",
      "source": "devbox-search",
      "version": "1.5.6",
      "systems": {
        "aarch64-darwin": {
          "outputs": [
            {
              "name": "out",
              "path": "/nix/store/hr9bxb34byy4q7sak17m3s8q2h2i0brq-ghalint-1.5.6",
              "default": true
            }
          ],
          "store_path": "/nix/store/hr9bxb34byy4q7sak17m3s8q2h2i0brq-ghalint-1.5.6"
        },
        "aarch64-linux": {
          "outputs": [
            {
              "name": "out",
              "path": "/nix/store/fpg8a336937zcb6a0pwwy3vf4cf52s7x-ghalint-1.5.6",
              "default": true
            }
          ],
          "store_path": "/nix/store/fpg8a336937zcb6a0pwwy3vf4cf52s7x-ghalint-1.5.6"
        },
        "x86_64-darwin": {
          "outputs": [
            {
              "name": "out",
              "path": "/nix/store/9ylfvqyln1lzn9kp7gvhqb10zin0cdsm-ghalint-1.5.6",
              "default": true
            }
          ],
          "store_path": "/nix/store/9ylfvqyln1lzn9kp7gvhqb10zin0cdsm-ghalint-1.5.6"
        },
        "x86_64-linux": {
          "outputs": [
            {
              "name": "out",
              "path": "/nix/store/x03xj7lgha6qg85iychzfipb4xkz2696-ghalint-1.5.6",
              "default": true
            }
          ],
          "store_path": "/nix/store/x03xj7lgha6qg85iychzfipb4xkz2696-ghalint-1.5.6"
        }
      }
    },
    "github:NixOS/nixpkgs/nixpkgs-unstable": {
      "last_modified": "2026-07-01T15:14:03Z",
      "resolved": "github:NixOS/nixpkgs/e8273b29fe1390ec8d4603f2477357555291432e?lastModified=1782918843&narHash=sha256-ETYnV9U7Sr%2BA45dohzZdfCZKOss4qrTkO%2BwgNZNvEc0%3D"
    },
    "zizmor@1.25.2": {
      "last_modified": "2026-06-27T07:37:20Z",
      "resolved": "github:NixOS/nixpkgs/3d46470bb3030020f7e1361f33514854f5bfa86d#zizmor",
      "source": "devbox-search",
      "version": "1.25.2",
      "systems": {
        "aarch64-darwin": {
          "outputs": [
            {
              "name": "out",
              "path": "/nix/store/vb83j795kmrfx0ywnkv8ginprmw8gbk0-zizmor-1.25.2",
              "default": true
            }
          ],
          "store_path": "/nix/store/vb83j795kmrfx0ywnkv8ginprmw8gbk0-zizmor-1.25.2"
        },
        "aarch64-linux": {
          "outputs": [
            {
              "name": "out",
              "path": "/nix/store/y6gka4nxgz8w1r9vdlppp0aag2srg2m9-zizmor-1.25.2",
              "default": true
            }
          ],
          "store_path": "/nix/store/y6gka4nxgz8w1r9vdlppp0aag2srg2m9-zizmor-1.25.2"
        },
        "x86_64-darwin": {
          "outputs": [
            {
              "name": "out",
              "path": "/nix/store/y67dqc53bv9z4q6pfwa4bmm3j9bwqmy0-zizmor-1.25.2",
              "default": true
            }
          ],
          "store_path": "/nix/store/y67dqc53bv9z4q6pfwa4bmm3j9bwqmy0-zizmor-1.25.2"
        },
        "x86_64-linux": {
          "outputs": [
            {
              "name": "out",
              "path": "/nix/store/qzw65zsn85za1hsd4ll3k5qajz52qar8-zizmor-1.25.2",
              "default": true
            }
          ],
          "store_path": "/nix/store/qzw65zsn85za1hsd4ll3k5qajz52qar8-zizmor-1.25.2"
        }
      }
    }
  }
}
