{
  "lockfile_version": "1",
  "packages": {
    "actionlint@1.7.12": {
      "last_modified": "2026-04-01T01:09:41Z",
      "resolved": "github:NixOS/nixpkgs/62e3050a29278c985725a86704faa1e99236b51a#actionlint",
      "source": "devbox-search",
      "version": "1.7.12",
      "systems": {
        "aarch64-darwin": {
          "outputs": [
            {
              "name": "out",
              "path": "/nix/store/px6mca0wsmmhmbrvs6zppskx0q51hk37-actionlint-1.7.12",
              "default": true
            }
          ],
          "store_path": "/nix/store/px6mca0wsmmhmbrvs6zppskx0q51hk37-actionlint-1.7.12"
        },
        "aarch64-linux": {
          "outputs": [
            {
              "name": "out",
              "path": "/nix/store/1rqkzzp0nncr34b9d7wqi4867j9hq0b0-actionlint-1.7.12",
              "default": true
            }
          ],
          "store_path": "/nix/store/1rqkzzp0nncr34b9d7wqi4867j9hq0b0-actionlint-1.7.12"
        },
        "x86_64-darwin": {
          "outputs": [
            {
              "name": "out",
              "path": "/nix/store/mqikmmhdv7slnrpqzamfwf8awgbm230y-actionlint-1.7.12",
              "default": true
            }
          ],
          "store_path": "/nix/store/mqikmmhdv7slnrpqzamfwf8awgbm230y-actionlint-1.7.12"
        },
        "x86_64-linux": {
          "outputs": [
            {
              "name": "out",
              "path": "/nix/store/amlhdml9d7lg1l0mcp8bz2asvkh63x06-actionlint-1.7.12",
              "default": true
            }
          ],
          "store_path": "/nix/store/amlhdml9d7lg1l0mcp8bz2asvkh63x06-actionlint-1.7.12"
        }
      }
    },
    "ghalint@1.5.6": {
      "last_modified": "2026-05-03T08:31:49Z",
      "resolved": "github:NixOS/nixpkgs/90c100cb48d61a0316b9479bb03f1be36d34b92a#ghalint",
      "source": "devbox-search",
      "version": "1.5.6",
      "systems": {
        "aarch64-darwin": {
          "outputs": [
            {
              "name": "out",
              "path": "/nix/store/ndiki1a5153wmxa4spm1dzkqy77gcvv1-ghalint-1.5.6",
              "default": true
            }
          ],
          "store_path": "/nix/store/ndiki1a5153wmxa4spm1dzkqy77gcvv1-ghalint-1.5.6"
        },
        "aarch64-linux": {
          "outputs": [
            {
              "name": "out",
              "path": "/nix/store/pxjsry2bakqpqwaymz08i9rckbnfilj4-ghalint-1.5.6",
              "default": true
            }
          ],
          "store_path": "/nix/store/pxjsry2bakqpqwaymz08i9rckbnfilj4-ghalint-1.5.6"
        },
        "x86_64-darwin": {
          "outputs": [
            {
              "name": "out",
              "path": "/nix/store/abqi4r1rrz4ysnhhnbk9gcl1lx635lrp-ghalint-1.5.6",
              "default": true
            }
          ],
          "store_path": "/nix/store/abqi4r1rrz4ysnhhnbk9gcl1lx635lrp-ghalint-1.5.6"
        },
        "x86_64-linux": {
          "outputs": [
            {
              "name": "out",
              "path": "/nix/store/7xcn0619vk4p0xxip00ygp7skrja11bb-ghalint-1.5.6",
              "default": true
            }
          ],
          "store_path": "/nix/store/7xcn0619vk4p0xxip00ygp7skrja11bb-ghalint-1.5.6"
        }
      }
    },
    "github:NixOS/nixpkgs/nixpkgs-unstable": {
      "last_modified": "2026-03-08T08:02:12Z",
      "resolved": "github:NixOS/nixpkgs/608d0cadfed240589a7eea422407a547ad626a14?lastModified=1772956932&narHash=sha256-M0yS4AafhKxPPmOHGqIV0iKxgNO8bHDWdl1kOwGBwRY%3D"
    },
    "zizmor@1.24.1": {
      "last_modified": "2026-04-16T08:46:55Z",
      "resolved": "github:NixOS/nixpkgs/b86751bc4085f48661017fa226dee99fab6c651b#zizmor",
      "source": "devbox-search",
      "version": "1.24.1",
      "systems": {
        "aarch64-darwin": {
          "outputs": [
            {
              "name": "out",
              "path": "/nix/store/vad15g2gj69mi5bvd0wrmp1pk2jzym6v-zizmor-1.24.1",
              "default": true
            }
          ],
          "store_path": "/nix/store/vad15g2gj69mi5bvd0wrmp1pk2jzym6v-zizmor-1.24.1"
        },
        "aarch64-linux": {
          "outputs": [
            {
              "name": "out",
              "path": "/nix/store/q51pbjh4d46m4n30xb5vnkpiqz24sbnd-zizmor-1.24.1",
              "default": true
            }
          ],
          "store_path": "/nix/store/q51pbjh4d46m4n30xb5vnkpiqz24sbnd-zizmor-1.24.1"
        },
        "x86_64-darwin": {
          "outputs": [
            {
              "name": "out",
              "path": "/nix/store/4fa4w5qp8nffkysw5c10xl5xws7b3lp4-zizmor-1.24.1",
              "default": true
            }
          ],
          "store_path": "/nix/store/4fa4w5qp8nffkysw5c10xl5xws7b3lp4-zizmor-1.24.1"
        },
        "x86_64-linux": {
          "outputs": [
            {
              "name": "out",
              "path": "/nix/store/bg3gb4nxm9sysg4d9wmar1i90ra02mb0-zizmor-1.24.1",
              "default": true
            }
          ],
          "store_path": "/nix/store/bg3gb4nxm9sysg4d9wmar1i90ra02mb0-zizmor-1.24.1"
        }
      }
    }
  }
}
